
Microsoft Visual Studio Solution File, Format Version 12.00
# Visual Studio Version 16
VisualStudioVersion = 16.0.30711.63
MinimumVisualStudioVersion = 10.0.40219.1
Project("{9A19103F-16F7-4668-BE54-9A1E7A4F7556}") = "Hotel.Client", "Hotel.Client\Hotel.Client.csproj", "{8E63671F-6DBE-4C17-AEFE-15A64B2A84D5}"
EndProject
Project("{9A19103F-16F7-4668-BE54-9A1E7A4F7556}") = "Hotel.Server.Tests", "Hotel.Server.Tests\Hotel.Server.Tests.csproj", "{634F0913-7C7A-4BBA-96C3-EA00B49DFC5D}"
EndProject
Project("{9A19103F-16F7-4668-BE54-9A1E7A4F7556}") = "Hotel.Server", "Hotel.Server\Hotel.Server.csproj", "{25828A5A-31C4-45FE-A8C1-90EC63FBF368}"
EndProject
Project("{FAE04EC0-301F-11D3-BF4B-00C04F79EFBC}") = "Hotel.Shared", "Hotel.Shared\Hotel.Shared.csproj", "{8A336CF7-9B7B-49FE-8A5A-65DDC89CF862}"
EndProject
Global
	GlobalSection(SolutionConfigurationPlatforms) = preSolution
		Debug|Any CPU = Debug|Any CPU
		Release|Any CPU = Release|Any CPU
	EndGlobalSection
	GlobalSection(ProjectConfigurationPlatforms) = postSolution
		{8E63671F-6DBE-4C17-AEFE-15A64B2A84D5}.Debug|Any CPU.ActiveCfg = Debug|Any CPU
		{8E63671F-6DBE-4C17-AEFE-15A64B2A84D5}.Debug|Any CPU.Build.0 = Debug|Any CPU
		{8E63671F-6DBE-4C17-AEFE-15A64B2A84D5}.Release|Any CPU.ActiveCfg = Release|Any CPU
		{8E63671F-6DBE-4C17-AEFE-15A64B2A84D5}.Release|Any CPU.Build.0 = Release|Any CPU
		{634F0913-7C7A-4BBA-96C3-EA00B49DFC5D}.Debug|Any CPU.ActiveCfg = Debug|Any CPU
		{634F0913-7C7A-4BBA-96C3-EA00B49DFC5D}.Debug|Any CPU.Build.0 = Debug|Any CPU
		{634F0913-7C7A-4BBA-96C3-EA00B49DFC5D}.Release|Any CPU.ActiveCfg = Release|Any CPU
		{634F0913-7C7A-4BBA-96C3-EA00B49DFC5D}.Release|Any CPU.Build.0 = Release|Any CPU
		{25828A5A-31C4-45FE-A8C1-90EC63FBF368}.Debug|Any CPU.ActiveCfg = Debug|Any CPU
		{25828A5A-31C4-45FE-A8C1-90EC63FBF368}.Debug|Any CPU.Build.0 = Debug|Any CPU
		{25828A5A-31C4-45FE-A8C1-90EC63FBF368}.Release|Any CPU.ActiveCfg = Release|Any CPU
		{25828A5A-31C4-45FE-A8C1-90EC63FBF368}.Release|Any CPU.Build.0 = Release|Any CPU
		{8A336CF7-9B7B-49FE-8A5A-65DDC89CF862}.Debug|Any CPU.ActiveCfg = Debug|Any CPU
		{8A336CF7-9B7B-49FE-8A5A-65DDC89CF862}.Debug|Any CPU.Build.0 = Debug|Any CPU
		{8A336CF7-9B7B-49FE-8A5A-65DDC89CF862}.Release|Any CPU.ActiveCfg = Release|Any CPU
		{8A336CF7-9B7B-49FE-8A5A-65DDC89CF862}.Release|Any CPU.Build.0 = Release|Any CPU
	EndGlobalSection
	GlobalSection(SolutionProperties) = preSolution
		HideSolutionNode = FALSE
	EndGlobalSection
	GlobalSection(ExtensibilityGlobals) = postSolution
		SolutionGuid = {6551563B-3261-4550-8C85-163C84E63801}
	EndGlobalSection
EndGlobal
